
Microsoft Visual Studio Solution File, Format Version 12.00
# Visual Studio Version 17
VisualStudioVersion = 17.7.34031.279
MinimumVisualStudioVersion = 10.0.40219.1
Project("{FAE04EC0-301F-11D3-BF4B-00C04F79EFBC}") = "project6_1", "project6_1.csproj", "{02A89419-9108-4E40-A226-FE14F1A7F782}"
EndProject
Global
	GlobalSection(SolutionConfigurationPlatforms) = preSolution
		Debug|Any CPU = Debug|Any CPU
		Release|Any CPU = Release|Any CPU
	EndGlobalSection
	GlobalSection(ProjectConfigurationPlatforms) = postSolution
		{02A89419-9108-4E40-A226-FE14F1A7F782}.Debug|Any CPU.ActiveCfg = Debug|Any CPU
		{02A89419-9108-4E40-A226-FE14F1A7F782}.Debug|Any CPU.Build.0 = Debug|Any CPU
		{02A89419-9108-4E40-A226-FE14F1A7F782}.Release|Any CPU.ActiveCfg = Release|Any CPU
		{02A89419-9108-4E40-A226-FE14F1A7F782}.Release|Any CPU.Build.0 = Release|Any CPU
	EndGlobalSection
	GlobalSection(SolutionProperties) = preSolution
		HideSolutionNode = FALSE
	EndGlobalSection
	GlobalSection(ExtensibilityGlobals) = postSolution
		SolutionGuid = {09588D8A-41D1-468A-A285-0D16A5E8BAF4}
	EndGlobalSection
EndGlobal
